PODS:
  - Alamofire (5.8.1)
  - B24PaymentSdk (1.0.10):
    - Alamofire (~> 5.4)
    - Socket.IO-Client-Swift (~> 16.1.0)
  - Flutter (1.0.0)
  - Socket.IO-Client-Swift (16.1.0):
    - Starscream (~> 4.0.6)
  - Starscream (4.0.6)

DEPENDENCIES:
  - "B24PaymentSdk (from `{:http=>\"https://b24sdk.s3.ap-southeast-1.amazonaws.com/B24PaymentSdk-1-0-10.zip\"}`)"
  - Flutter (from `Flutter`)

SPEC REPOS:
  trunk:
    - Alamofire
    - Socket.IO-Client-Swift
    - Starscream

EXTERNAL SOURCES:
  B24PaymentSdk:
    :http: https://b24sdk.s3.ap-southeast-1.amazonaws.com/B24PaymentSdk-1-0-10.zip
  Flutter:
    :path: Flutter

CHECKOUT OPTIONS:
  B24PaymentSdk:
    :http: https://b24sdk.s3.ap-southeast-1.amazonaws.com/B24PaymentSdk-1-0-10.zip

SPEC CHECKSUMS:
  Alamofire: 3ca42e259043ee0dc5c0cdd76c4bc568b8e42af7
  B24PaymentSdk: b2d39961d1041a56615b0f557c39c0853cfe32be
  Flutter: f04841e97a9d0b0a8025694d0796dd46242b2854
  Socket.IO-Client-Swift: ee4b8f80a3db18dd7f32b266ddf273310609443c
  Starscream: fb2c4510bebf908c62bd383bcf05e673720e91fd

PODFILE CHECKSUM: 90ca0aa9cf9af08b48caa69b7af250e13b15ade2

COCOAPODS: 1.11.3
